
Microsoft Visual Studio Solution File, Format Version 12.00
# Visual Studio Version 16
VisualStudioVersion = 16.0.30104.148
MinimumVisualStudioVersion = 10.0.40219.1
Project("{9092AA53-FB77-4645-B42D-1CCCA6BD08BD}") = "DHC.Web.API", "DHC.Web.API\DHC.Web.API.njsproj", "{61D5C998-1D27-4F64-AECD-DCB0FF86DC25}"
EndProject
Project("{9092AA53-FB77-4645-B42D-1CCCA6BD08BD}") = "DHC.Web.Client", "DHC.Web.Client\DHC.Web.Client.njsproj", "{076A9DC3-E5AA-4E72-BDD8-6600B86E9306}"
EndProject
Project("{9092AA53-FB77-4645-B42D-1CCCA6BD08BD}") = "DHC.Web.Common", "DHC.Web.Common\DHC.Web.Common.njsproj", "{18B71245-ECD2-4285-9A09-332A017E28C8}"
EndProject
Global
	GlobalSection(SolutionConfigurationPlatforms) = preSolution
		Debug|Any CPU = Debug|Any CPU
		Release|Any CPU = Release|Any CPU
	EndGlobalSection
	GlobalSection(ProjectConfigurationPlatforms) = postSolution
		{61D5C998-1D27-4F64-AECD-DCB0FF86DC25}.Debug|Any CPU.ActiveCfg = Debug|Any CPU
		{61D5C998-1D27-4F64-AECD-DCB0FF86DC25}.Debug|Any CPU.Build.0 = Debug|Any CPU
		{61D5C998-1D27-4F64-AECD-DCB0FF86DC25}.Release|Any CPU.ActiveCfg = Release|Any CPU
		{61D5C998-1D27-4F64-AECD-DCB0FF86DC25}.Release|Any CPU.Build.0 = Release|Any CPU
		{076A9DC3-E5AA-4E72-BDD8-6600B86E9306}.Debug|Any CPU.ActiveCfg = Debug|Any CPU
		{076A9DC3-E5AA-4E72-BDD8-6600B86E9306}.Debug|Any CPU.Build.0 = Debug|Any CPU
		{076A9DC3-E5AA-4E72-BDD8-6600B86E9306}.Release|Any CPU.ActiveCfg = Release|Any CPU
		{076A9DC3-E5AA-4E72-BDD8-6600B86E9306}.Release|Any CPU.Build.0 = Release|Any CPU
		{18B71245-ECD2-4285-9A09-332A017E28C8}.Debug|Any CPU.ActiveCfg = Debug|Any CPU
		{18B71245-ECD2-4285-9A09-332A017E28C8}.Debug|Any CPU.Build.0 = Debug|Any CPU
		{18B71245-ECD2-4285-9A09-332A017E28C8}.Release|Any CPU.ActiveCfg = Release|Any CPU
		{18B71245-ECD2-4285-9A09-332A017E28C8}.Release|Any CPU.Build.0 = Release|Any CPU
	EndGlobalSection
	GlobalSection(SolutionProperties) = preSolution
		HideSolutionNode = FALSE
	EndGlobalSection
	GlobalSection(ExtensibilityGlobals) = postSolution
		SolutionGuid = {9572B8FF-F5FC-447D-B1D6-59A5D56A06AF}
	EndGlobalSection
EndGlobal
